#
# This file is autogenerated by pip-compile with Python 3.14
# by the following command:
#
#    pip-compile --generate-hashes --output-file=requirements.lock requirements.txt
#
annotated-types==0.7.0 \
    --hash=sha256:1f02e8b43a8fbbc3f3e0d4f0f4bfc8131bcb4eebe8849b8e5c773f3a1c582a53 \
    --hash=sha256:aff07c09a53a08bc8cfccb9c85b05f1aa9a2a6f23728d790723543408344ce89
    # via pydantic
anyio==4.14.2 \
    --hash=sha256:9f505dda5ac9f0c8309b5e8bd445a8c2bf7246f3ce950121e45ea15bc41d1494 \
    --hash=sha256:cfa139f3ed1a23ee8f88a145ddb5ac7605b8bbfd8592baacd7ce3d8bb4313c7f
    # via
    #   httpx
    #   openai
bcrypt==5.0.0 \
    --hash=sha256:046ad6db88edb3c5ece4369af997938fb1c19d6a699b9c1b27b0db432faae4c4 \
    --hash=sha256:0c418ca99fd47e9c59a301744d63328f17798b5947b0f791e9af3c1c499c2d0a \
    --hash=sha256:0c8e093ea2532601a6f686edbc2c6b2ec24131ff5c52f7610dd64fa4553b5464 \
    --hash=sha256:0cae4cb350934dfd74c020525eeae0a5f79257e8a201c0c176f4b84fdbf2a4b4 \
    --hash=sha256:137c5156524328a24b9fac1cb5db0ba618bc97d11970b39184c1d87dc4bf1746 \
    --hash=sha256:200af71bc25f22006f4069060c88ed36f8aa4ff7f53e67ff04d2ab3f1e79a5b2 \
    --hash=sha256:212139484ab3207b1f0c00633d3be92fef3c5f0af17cad155679d03ff2ee1e41 \
    --hash=sha256:2b732e7d388fa22d48920baa267ba5d97cca38070b69c0e2d37087b381c681fd \
    --hash=sha256:35a77ec55b541e5e583eb3436ffbbf53b0ffa1fa16ca6782279daf95d146dcd9 \
    --hash=sha256:38cac74101777a6a7d3b3e3cfefa57089b5ada650dce2baf0cbdd9d65db22a9e \
    --hash=sha256:3abeb543874b2c0524ff40c57a4e14e5d3a66ff33fb423529c88f180fd756538 \
    --hash=sha256:3ca8a166b1140436e058298a34d88032ab62f15aae1c598580333dc21d27ef10 \
    --hash=sha256:3cf67a804fc66fc217e6914a5635000259fbbbb12e78a99488e4d5ba445a71eb \
    --hash=sha256:4870a52610537037adb382444fefd3706d96d663ac44cbb2f37e3919dca3d7ef \
    --hash=sha256:48f753100931605686f74e27a7b49238122aa761a9aefe9373265b8b7aa43ea4 \
    --hash=sha256:4bfd2a34de661f34d0bda43c3e4e79df586e4716ef401fe31ea39d69d581ef23 \
    --hash=sha256:560ddb6ec730386e7b3b26b8b4c88197aaed924430e7b74666a586ac997249ef \
    --hash=sha256:5b1589f4839a0899c146e8892efe320c0fa096568abd9b95593efac50a87cb75 \
    --hash=sha256:5feebf85a9cefda32966d8171f5db7e3ba964b77fdfe31919622256f80f9cf42 \
    --hash=sha256:611f0a17aa4a25a69362dcc299fda5c8a3d4f160e2abb3831041feb77393a14a \
    --hash=sha256:61afc381250c3182d9078551e3ac3a41da14154fbff647ddf52a769f588c4172 \
    --hash=sha256:64d7ce196203e468c457c37ec22390f1a61c85c6f0b8160fd752940ccfb3a683 \
    --hash=sha256:64ee8434b0da054d830fa8e89e1c8bf30061d539044a39524ff7dec90481e5c2 \
    --hash=sha256:6b8f520b61e8781efee73cba14e3e8c9556ccfb375623f4f97429544734545b4 \
    --hash=sha256:741449132f64b3524e95cd30e5cd3343006ce146088f074f31ab26b94e6c75ba \
    --hash=sha256:744d3c6b164caa658adcb72cb8cc9ad9b4b75c7db507ab4bc2480474a51989da \
    --hash=sha256:79cfa161eda8d2ddf29acad370356b47f02387153b11d46042e93a0a95127493 \
    --hash=sha256:7aeef54b60ceddb6f30ee3db090351ecf0d40ec6e2abf41430997407a46d2254 \
    --hash=sha256:7edda91d5ab52b15636d9c30da87d2cc84f426c72b9dba7a9b4fe142ba11f534 \
    --hash=sha256:7f277a4b3390ab4bebe597800a90da0edae882c6196d3038a73adf446c4f969f \
    --hash=sha256:7f4c94dec1b5ab5d522750cb059bb9409ea8872d4494fd152b53cca99f1ddd8c \
    --hash=sha256:801cad5ccb6b87d1b430f183269b94c24f248dddbbc5c1f78b6ed231743e001c \
    --hash=sha256:83e787d7a84dbbfba6f250dd7a5efd689e935f03dd83b0f919d39349e1f23f83 \
    --hash=sha256:89042e61b5e808b67daf24a434d89bab164d4de1746b37a8d173b6b14f3db9ff \
    --hash=sha256:92864f54fb48b4c718fc92a32825d0e42265a627f956bc0361fe869f1adc3e7d \
    --hash=sha256:9d52ed507c2488eddd6a95bccee4e808d3234fa78dd370e24bac65a21212b861 \
    --hash=sha256:9fffdb387abe6aa775af36ef16f55e318dcda4194ddbf82007a6f21da29de8f5 \
    --hash=sha256:a28bc05039bdf3289d757f49d616ab3efe8cf40d8e8001ccdd621cd4f98f4fc9 \
    --hash=sha256:a5393eae5722bcef046a990b84dff02b954904c36a194f6cfc817d7dca6c6f0b \
    --hash=sha256:a71f70ee269671460b37a449f5ff26982a6f2ba493b3eabdd687b4bf35f875ac \
    --hash=sha256:b17366316c654e1ad0306a6858e189fc835eca39f7eb2cafd6aaca8ce0c40a2e \
    --hash=sha256:baade0a5657654c2984468efb7d6c110db87ea63ef5a4b54732e7e337253e44f \
    --hash=sha256:c2388ca94ffee269b6038d48747f4ce8df0ffbea43f31abfa18ac72f0218effb \
    --hash=sha256:c58b56cdfb03202b3bcc9fd8daee8e8e9b6d7e3163aa97c631dfcfcc24d36c86 \
    --hash=sha256:cde08734f12c6a4e28dc6755cd11d3bdfea608d93d958fffbe95a7026ebe4980 \
    --hash=sha256:d79e5c65dcc9af213594d6f7f1fa2c98ad3fc10431e7aa53c176b441943efbdd \
    --hash=sha256:d8d65b564ec849643d9f7ea05c6d9f0cd7ca23bdd4ac0c2dbef1104ab504543d \
    --hash=sha256:db99dca3b1fdc3db87d7c57eac0c82281242d1eabf19dcb8a6b10eb29a2e72d1 \
    --hash=sha256:dcd58e2b3a908b5ecc9b9df2f0085592506ac2d5110786018ee5e160f28e0911 \
    --hash=sha256:dd19cf5184a90c873009244586396a6a884d591a5323f0e8a5922560718d4993 \
    --hash=sha256:ddb4e1500f6efdd402218ffe34d040a1196c072e07929b9820f363a1fd1f4191 \
    --hash=sha256:e3cf5b2560c7b5a142286f69bde914494b6d8f901aaa71e453078388a50881c4 \
    --hash=sha256:ed2e1365e31fc73f1825fa830f1c8f8917ca1b3ca6185773b349c20fd606cec2 \
    --hash=sha256:edfcdcedd0d0f05850c52ba3127b1fce70b9f89e0fe5ff16517df7e81fa3cbb8 \
    --hash=sha256:f0ce778135f60799d89c9693b9b398819d15f1921ba15fe719acb3178215a7db \
    --hash=sha256:f2347d3534e76bf50bca5500989d6c1d05ed64b440408057a37673282c654927 \
    --hash=sha256:f3c08197f3039bec79cee59a606d62b96b16669cff3949f21e74796b6e3cd2be \
    --hash=sha256:f632fd56fc4e61564f78b46a2269153122db34988e78b6be8b32d28507b7eaeb \
    --hash=sha256:f6984a24db30548fd39a44360532898c33528b74aedf81c26cf29c51ee47057e \
    --hash=sha256:f70aadb7a809305226daedf75d90379c397b094755a710d7014b8b117df1ebbf \
    --hash=sha256:f748f7c2d6fd375cc93d3fba7ef4a9e3a092421b8dbf34d8d4dc06be9492dfdd \
    --hash=sha256:f8429e1c410b4073944f03bd778a9e066e7fad723564a52ff91841d278dfc822 \
    --hash=sha256:fc746432b951e92b58317af8e0ca746efe93e66555f1b40888865ef5bf56446b
    # via -r requirements.txt
boto3==1.34.69 \
    --hash=sha256:2e25ef6bd325217c2da329829478be063155897d8d3b29f31f7f23ab548519b1 \
    --hash=sha256:898a5fed26b1351352703421d1a8b886ef2a74be6c97d5ecc92432ae01fda203
    # via -r requirements.txt
botocore==1.34.162 \
    --hash=sha256:2d918b02db88d27a75b48275e6fb2506e9adaaddbec1ffa6a8a0898b34e769be \
    --hash=sha256:adc23be4fb99ad31961236342b7cbf3c0bfc62532cd02852196032e8c0d682f3
    # via
    #   boto3
    #   s3transfer
certifi==2026.6.17 \
    --hash=sha256:024c88eeec92ca068db80f02b8b07c9cef7b9fe261d1d535abfd5abd6f6af432 \
    --hash=sha256:2227dcbaafe0d2f59279d1762ddddc37783ed4354594f194ffc31d20f41fc3db
    # via
    #   httpcore
    #   httpx
colorama==0.4.6 \
    --hash=sha256:08695f5cb7ed6e0531a20572697297273c47b8cae5a63ffc6d6ed5c201be6e44 \
    --hash=sha256:4f1d9991f5acc0ca119f9d443620b77f9d6b33703e51011c16baf57afb285fc6
    # via tqdm
distro==1.9.0 \
    --hash=sha256:2fa77c6fd8940f116ee1d6b94a2f90b13b5ea8d019b98bc8bafdcabcdd9bdbed \
    --hash=sha256:7bffd925d65168f85027d8da9af6bddab658135b840670a223589bc0c8ef02b2
    # via openai
dnspython==2.8.0 \
    --hash=sha256:01d9bbc4a2d76bf0db7c1f729812ded6d912bd318d3b1cf81d30c0f845dbf3af \
    --hash=sha256:181d3c6996452cb1189c4046c61599b84a5a86e099562ffde77d26984ff26d0f
    # via email-validator
email-validator==2.3.0 \
    --hash=sha256:80f13f623413e6b197ae73bb10bf4eb0908faf509ad8362c5edeb0be7fd450b4 \
    --hash=sha256:9fc05c37f2f6cf439ff414f8fc46d917929974a82244c20eb10231ba60c54426
    # via -r requirements.txt
h11==0.16.0 \
    --hash=sha256:4e35b956cf45792e4caa5885e69fba00bdbc6ffafbfa020300e549b208ee5ff1 \
    --hash=sha256:63cf8bbe7522de3bf65932fda1d9c2772064ffb3dae62d55932da54b31cb6c86
    # via httpcore
httpcore==1.0.9 \
    --hash=sha256:2d400746a40668fc9dec9810239072b40b4484b640a8c38fd654a024c7a1bf55 \
    --hash=sha256:6e34463af53fd2ab5d807f399a9b45ea31c3dfa2276f15a2c3f00afff6e176e8
    # via httpx
httpx==0.28.1 \
    --hash=sha256:75e98c5f16b0f35b567856f597f06ff2270a374470a5c2392242528e3e3e42fc \
    --hash=sha256:d909fcccc110f8c7faf814ca82a9a4d816bc5a6dbfea25d6591d6985b8ba59ad
    # via openai
idna==3.18 \
    --hash=sha256:7f952cbe720b688055e3f87de14f5c3e5fdaa8bc3928985c4077ca689de849a2 \
    --hash=sha256:ffb385a7e039654cef1ab9ef32c6fafe283c0c0467bba1d9029738ce4a14a848
    # via
    #   anyio
    #   email-validator
    #   httpx
jmespath==1.1.0 \
    --hash=sha256:472c87d80f36026ae83c6ddd0f1d05d4e510134ed462851fd5f754c8c3cbb88d \
    --hash=sha256:a5663118de4908c91729bea0acadca56526eb2698e83de10cd116ae0f4e97c64
    # via
    #   boto3
    #   botocore
openai==1.30.1 \
    --hash=sha256:4f85190e577cba0b066e1950b8eb9b11d25bc7ebcc43a86b326ce1bfa564ec74 \
    --hash=sha256:c9fb3c3545c118bbce8deb824397b9433a66d0d0ede6a96f7009c95b76de4a46
    # via -r requirements.txt
psycopg2-binary==2.9.12 \
    --hash=sha256:00814e40fa23c2b37ef0a1e3c749d89982c73a9cb5046137f0752a22d432e82f \
    --hash=sha256:049366c6d884bdcd65d66e6ca1fdbebe670b56c6c9ba46f164e6667e90881964 \
    --hash=sha256:0dc9228d47c46bda253d2ecd6bb93b56a9f2d7ad33b684a1fa3622bf74ffe30c \
    --hash=sha256:1006fb62f0f0bc5ce256a832356c6262e91be43f5e4eb15b5eaf38079464caf2 \
    --hash=sha256:127467c6e476dd876634f17c3d870530e73ff454ff99bff73d36e80af28e1115 \
    --hash=sha256:1c8ad4c08e00f7679559eaed7aff1edfffc60c086b976f93972f686384a95e2c \
    --hash=sha256:29d4d134bd0ab46ffb04e94aa3c5fa3ef582e9026609165e2f758ff76fc3a3be \
    --hash=sha256:3471336e1acfd9c7fe507b8bad5af9317b6a89294f9eb37bd9a030bb7bebcdc6 \
    --hash=sha256:36512911ebb2b60a0c3e44d0bb5048c1980aced91235d133b7874f3d1d93487c \
    --hash=sha256:398fcd4db988c7d7d3713e2b8e18939776fd3fb447052daae4f24fa39daede4c \
    --hash=sha256:3d999bd982a723113c1a45b55a7a6a90d64d0ed2278020ed625c490ff7bef96c \
    --hash=sha256:40e7b28b63aaf737cb3a1edc3a9bbc9a9f4ad3dcb7152e8c1130e4050eddcb7d \
    --hash=sha256:411e85815652d13560fbe731878daa5d92378c4995a22302071890ec3397d019 \
    --hash=sha256:4413d0caef93c5cf50b96863df4c2efe8c269bf2267df353225595e7e15e8df7 \
    --hash=sha256:4766ab678563054d3f1d064a4db19cc4b5f9e3a8d9018592a8285cf200c248f3 \
    --hash=sha256:4dfcf8e45ebb0c663be34a3442f65e17311f3367089cd4e5e3a3e8e62c978777 \
    --hash=sha256:527e6342b3e44c2f0544f6b8e927d60de7f163f5723b8f1dfa7d2a84298738cd \
    --hash=sha256:54a0dfecab1b48731f934e06139dfe11e24219fb6d0ceb32177cf0375f14c7b5 \
    --hash=sha256:5a0253224780c978746cb9be55a946bcdaf40fe3519c0f622924cdabdafe2c39 \
    --hash=sha256:5ac9444edc768c02a6b6a591f070b8aae28ff3a99be57560ac996001580f294c \
    --hash=sha256:5c7cb4cbf894a1d36c720d713de507952c7c58f66d30834708f03dbe5c822ccf \
    --hash=sha256:5c8ce6c61bd1b1f6b9c24ee32211599f6166af2c55abb19456090a21fd16554b \
    --hash=sha256:5cdc05117180c5fa9c40eea8ea559ce64d73824c39d928b7da9fb5f6a9392433 \
    --hash=sha256:612b965daee295ae2da8f8218ce1d274645dc76ef3f1abf6a0a94fd57eff876d \
    --hash=sha256:63a3ebbd543d3d1eda088ac99164e8c5bac15293ee91f20281fd17d050aee1c4 \
    --hash=sha256:66a7685d7e548f10fb4ce32fb01a7b7f4aa702134de92a292c7bd9e0d3dbd290 \
    --hash=sha256:6f3b3de8a74ef8db215f22edffb19e32dc6fa41340456de7ec99efdc8a7b3ec2 \
    --hash=sha256:6f9cae1f848779b5b01f417e762c40d026ea93eb0648249a604728cda991dde3 \
    --hash=sha256:718e1fc18edf573b02cb8aea868de8d8d33f99ce9620206aa9144b67b0985e94 \
    --hash=sha256:77b348775efd4cdab410ec6609d81ccecd1139c90265fa583a7255c8064bc03d \
    --hash=sha256:7af18183109e23502c8b2ae7f6926c0882766f35b5175a4cd737ad825e4d7a1b \
    --hash=sha256:7c729a73c7b1b84de3582f73cdd27d905121dc2c531f3d9a3c32a3011033b965 \
    --hash=sha256:83946ba43979ebfdc99a3cd0ee775c89f221df026984ba19d46133d8d75d3cd9 \
    --hash=sha256:840066105706cd2eb29b9a1c2329620056582a4bf3e8169dec5c447042d0869f \
    --hash=sha256:863f5d12241ebe1c76a72a04c2113b6dc905f90b9cef0e9be0efd994affd9354 \
    --hash=sha256:864c261b3690e1207d14bbfe0a61e27567981b80c47a778561e49f676f7ce433 \
    --hash=sha256:89d19a9f7899e8eb0656a2b3a08e0da04c720a06db6e0033eab5928aabe60fa9 \
    --hash=sha256:8ffdb59fe88f99589e34354a130217aa1fd2d615612402d6edc8b3dbc7a44463 \
    --hash=sha256:96937c9c5d891f772430f418a7a8b4691a90c3e6b93cf72b5bd7cad8cbca32a5 \
    --hash=sha256:98062447aebc20ed20add1f547a364fd0ef8933640d5372ff1873f8deb9b61be \
    --hash=sha256:995ce929eede89db6254b50827e2b7fd61e50d11f0b116b29fffe4a2e53c4580 \
    --hash=sha256:9b818ceff717f98851a64bffd4c5eb5b3059ae280276dcecc52ac658dcf006a4 \
    --hash=sha256:9fe06d93e72f1c048e731a2e3e7854a5bfaa58fc736068df90b352cefe66f03f \
    --hash=sha256:a46fe069b65255df410f856d842bc235f90e22ffdf532dda625fd4213d3fd9b1 \
    --hash=sha256:a7e39a65b7d2a20e4ba2e0aaad1960b61cc2888d6ab047769f8347bd3c9ad915 \
    --hash=sha256:a99eaab34a9010f1a086b126de467466620a750634d114d20455f3a824aae033 \
    --hash=sha256:ab29414b25dcb698bf26bf213e3348abdcd07bbd5de032a5bec15bd75b298b03 \
    --hash=sha256:ace94261f43850e9e79f6c56636c5e0147978ab79eda5e5e5ebf13ae146fc8fe \
    --hash=sha256:b4a9eaa6e7f4ff91bec10aa3fb296878e75187bced5cc4bafe17dc40915e1326 \
    --hash=sha256:b6937f5fe4e180aeee87de907a2fa982ded6f7f15d7218f78a083e4e1d68f2a0 \
    --hash=sha256:b9a339b79d37c1b45f3235265f07cdeb0cb5ad7acd2ac7720a5920989c17c24e \
    --hash=sha256:ba3df2fc42a1cfa45b72cf096d4acb2b885937eedc61461081d53538d4a82a86 \
    --hash=sha256:c41321a14dd74aceb6a9a643b9253a334521babfa763fa873e33d89cfa122fb5 \
    --hash=sha256:c5ee5213445dd45312459029b8c4c0a695461eb517b753d2582315bd07995f5e \
    --hash=sha256:c6528cefc8e50fcc6f4a107e27a672058b36cc5736d665476aeb413ba88dbb06 \
    --hash=sha256:cb4a1dacdd48077150dc762a9e5ddbf32c256d66cb46f80839391aa458774936 \
    --hash=sha256:cfa2517c94ea3af6deb46f81e1bbd884faa63e28481eb2f889989dd8d95e5f03 \
    --hash=sha256:d2fa0d7caca8635c56e373055094eeda3208d901d55dd0ff5abc1d4e47f82b56 \
    --hash=sha256:d3227a3bc228c10d21011a99245edca923e4e8bf461857e869a507d9a41fe9f6 \
    --hash=sha256:d6fcbba8c9fed08a73b8ac61ea79e4821e45b1e92bb466230c5e746bbf3d5256 \
    --hash=sha256:e4e184b1fb6072bf05388aa41c697e1b2d01b3473f107e7ec44f186a32cfd0b8 \
    --hash=sha256:ee2d84ef5eb6c04702d2e9c372ad557fb027f26a5d82804f749dfb14c7fdd2ab \
    --hash=sha256:f12ae41fcafadb39b2785e64a40f9db05d6de2ac114077457e0e7c597f3af980 \
    --hash=sha256:f625abb7020e4af3432d95342daa1aa0db3fa369eed19807aa596367ba791b10 \
    --hash=sha256:f921f3cd87035ef7df233383011d7a53ea1d346224752c1385f1edfd790ceb6a \
    --hash=sha256:fb1828cf3da68f99e45ebce1355d65d2d12b6a78fb5dfb16247aad6bdef5f5d2 \
    --hash=sha256:ffdd7dc5463ccd61845ac37b7012d0f35a1548df9febe14f8dd549be4a0bc81e
    # via -r requirements.txt
pydantic==2.13.4 \
    --hash=sha256:45a282cde31d808236fd7ea9d919b128653c8b38b393d1c4ab335c62924d9aba \
    --hash=sha256:c40756b57adaa8b1efeeced5c196f3f3b7c435f90e84ea7f443901bec8099ef6
    # via
    #   -r requirements.txt
    #   openai
pydantic-core==2.46.4 \
    --hash=sha256:00c603d540afdd6b80eb39f078f33ebd46211f02f33e34a32d9f053bba711de0 \
    --hash=sha256:0186750b482eefa11d7f435892b09c5c606193ef3375bcf94aa00ae6bfb66262 \
    --hash=sha256:041bde0a48fd37cf71cab1c9d56d3e8625a3793fef1f7dd232b3ff37e978ecda \
    --hash=sha256:0c563b08bca408dc7f65f700633d8442fffb2421fc47b8101377e9fd65051ff0 \
    --hash=sha256:0cbe8b01f948de4286c74cdd6c667aceb38f5c1e26f0693b3983d9d74887c65e \
    --hash=sha256:0ce40cd7b21210e99342afafbd4d0f76d784eb5b1d60f3bdc566be4983c6c73b \
    --hash=sha256:0e96592440881c74a213e5ad528e2b24d3d4f940de2766bed9010ab1d9e51594 \
    --hash=sha256:10e17cbb10a330363733efc4d7c4d0dd827ac0909b8f6a6542298fed1ea62f29 \
    --hash=sha256:133878133d271ade3d41d1bfb2a45ec38dbdbda40bc065921c6b04e4630127e2 \
    --hash=sha256:14d4edf427bdcf950a8a02d7cb44a08614388dd6e1bdcbf4f67504fa7887da9c \
    --hash=sha256:14f4c5d6db102bd796a627bbb3a17b4cf4574b9ae861d8b7c9a9661c6dd3362d \
    --hash=sha256:17299feefe090f2caa5b8e37222bb5f663e4935a8bfa6931d4102e5df1a9f398 \
    --hash=sha256:184c081504d17f1c1066e430e117142b2c77d9448a97f7b65c6ac9fd9aee238d \
    --hash=sha256:18e5ceec2ab67e6d5f1a9085e5a24c9c4e2ac4545730bfe668680bca05e555f3 \
    --hash=sha256:19e51f073cd3df251856a8a4189fbdf1de4012c3ebacfb1884f94f1eb406079f \
    --hash=sha256:1a7dd0b3ee80d90150e3495a3a13ac34dbcbfd4f012996a6a1d8900e91b5c0fb \
    --hash=sha256:1d8ba486450b14f3b1d63bc521d410ec7565e52f887b9fb671791886436a42f7 \
    --hash=sha256:2108ba5c1c1eca18030634489dc544844144ee36357f2f9f780b93e7ddbb44b5 \
    --hash=sha256:228ee9bae8bef5b1e97ec58302f80357c37199e0d0a99174e138d28e6957b9d9 \
    --hash=sha256:23ace664830ee0bfe014a0c7bc248b1f7f25ed7ad103852c317624a1083af462 \
    --hash=sha256:2412e734dcb48da14d4e4006b82b46b74f2518b8a26ee7e58c6844a6cd6d03c4 \
    --hash=sha256:29c61fc04a3d840155ff08e475a04809278972fe6aef51e2720554e96367e34b \
    --hash=sha256:2f84c03c8607173d16b5a854ec68a2f9079ae03237a54fb506d13af47e1d018d \
    --hash=sha256:3009f12e4e90b7f88b4f9adb1b0c4a3d58fe7820f3238c190047209d148026df \
    --hash=sha256:3245406455a5d98187ec35530fd772b1d799b26667980872c8d4614991e2c4a2 \
    --hash=sha256:3447661d99f75a3683a4cf5c87da72f2161964611864dbbeac7fbb118bb4bfc0 \
    --hash=sha256:372429a130e469c9cd698925ce5fc50940b7a1336b0d82038e63d5bbc4edc519 \
    --hash=sha256:395aebd9183f9d112f569aeb5b2214d1a10a33bec8456447f7fbdfa51d38d4cd \
    --hash=sha256:3a233125ac121aa3ffba9a2b59edfc4a985a76092dc8279586ab4b71390875e7 \
    --hash=sha256:3be77f45df024d789a672ae34f8b06fb346c4f9f46ea714956660ea4862e89ac \
    --hash=sha256:3bf92c5d0e00fefaab325a4d27828fe6b6e2a21848686b5b60d2d9eeb09d76c6 \
    --hash=sha256:3ecbc122d18468d06ca279dc26a8c2e2d5acb10943bb35e36ae92096dc3b5565 \
    --hash=sha256:3fb702cd90b0446a3a1c5e470bfa0dd23c0233b676a9099ddcc964fa6ca13898 \
    --hash=sha256:428e04521a40150c85216fc8b85e8d39fece235a9cf5e383761238c7fa9b96fb \
    --hash=sha256:432c179df7874eeb73307aad2df0755e1ae0efa61ff0ea89b93e194411ae3928 \
    --hash=sha256:4a05d69cba51d852c5c3e92758653245a50c0b646ced0cf05bd793ed592839d6 \
    --hash=sha256:4c63ebc82684aa89d9a3bcbd13d515b3be44250dc68dd3bd81526c1cb31286c3 \
    --hash=sha256:4fc73cb559bdb54b1134a706a2802a4cddd27a0633f5abb7e53056268751ac6a \
    --hash=sha256:4fcbe087dbc2068af7eda3aa87634eba216dbda64d1ae73c8684b621d33f6596 \
    --hash=sha256:56cb4851bcaf3d117eddcef4fe66afd750a50274b0da8e22be256d10e5611987 \
    --hash=sha256:5855698a4856556d86e8e6cd8434bc3ac0314ee8e12089ae0e143f64c6256e4e \
    --hash=sha256:5a4330cdbc57162e4b3aa303f588ba752257694c9c9be3e7ebb11b4aca659b5d \
    --hash=sha256:5b712b53160b79a5850310b912a5ef8e57e56947c8ad690c227f5c9d7e561712 \
    --hash=sha256:5d5902252db0d3cedf8d4a1bc68f70eeb430f7e4c7104c8c476753519b423008 \
    --hash=sha256:617d7e2ca7dcb8c5cf6bcb8c59b8832c94b36196bbf1cbd1bfb56ed341905edd \
    --hash=sha256:62f875393d7f270851f20523dd2e29f082bcc82292d66db2b64ea71f64b6e1c1 \
    --hash=sha256:633147d34cf4550417f12e2b1a0383973bdf5cdfde212cb09e9a581cf10820be \
    --hash=sha256:66ce7632c22d837c95301830e111ad0128a32b8207533b60896a96c4915192ea \
    --hash=sha256:6b3ace8194b0e5204818c92802dcdca7fc6d88aabbb799d7c795540d9cd6d292 \
    --hash=sha256:6f2eeda33a839975441c86a4119e1383c50b47faf0cbb5176985565c6bb02c33 \
    --hash=sha256:7027560ee92211647d0d34e3f7cd6f50da56399d26a9c8ad0da286d3869a53f3 \
    --hash=sha256:7283d57845ecf5a163403eb0702dfc220cc4fbdd18919cb5ccea4f95ee1cdab4 \
    --hash=sha256:7a5f930472650a82629163023e630d160863fce524c616f4e5186e5de9d9a49b \
    --hash=sha256:7bfb192b3f4b9e8a89b6277b6ce787564f62cfd272055f6e685726b111dc7826 \
    --hash=sha256:811ff8e9c313ab425368bcbb36e5c4ebd7108c2bbf4e4089cfbb0b01eff63fac \
    --hash=sha256:8233f2947cf85404441fd7e0085f53b10c93e0ee78611099b5c7237e36aacbf7 \
    --hash=sha256:82cf5301172168103724d49a1444d3378cb20cdee30b116a1bd6031236298a5d \
    --hash=sha256:8358a950c8909158e3df31538a7e4edc2d7265a7c54b47f0864d9e5bae9dcebf \
    --hash=sha256:85bb3611ff1802f3ee7fdd7dbff26b56f343fb432d57a4728fdd49b6ef35e2f4 \
    --hash=sha256:86e1a4418c6cd97d60c95c71164158eaf7324fae7b0923264016baa993eba6fc \
    --hash=sha256:8b9bab013d1c7a79d3501ff86d0bc9c31bf587db4551677b96bec07df78c6b15 \
    --hash=sha256:8c5dac79fa1614d1e06ca695109c6105923bd9c7d1d6c918d4e637b7e6b32fd3 \
    --hash=sha256:8d0820e8192167f80d88d64038e609c31452eeca865b4e1d9950a27a4609b00b \
    --hash=sha256:8daafc69c93ee8a0204506a3b6b30f586ef54028f52aeeeb5c4cfc5184fd5914 \
    --hash=sha256:9037063db01f09b09e237c282b6792bd4da634b5402c4e7f0c61effed7701a04 \
    --hash=sha256:905a0ed8ea6f2d61c1738835f99b699348d7857379083e5fc497fa0c967a407c \
    --hash=sha256:90884113d8b48f760e9587002789ddd741e76ab9f89518cd1e43b1f1a52ec44b \
    --hash=sha256:91a06d2e259ecfbd8c901d70c3c507900458498142b3026a296b7de4d1322cc9 \
    --hash=sha256:926c9541b14b12b1681dca8a0b75feb510b06c6341b70a8e500c2fdcff837cce \
    --hash=sha256:9401557acd873c3a7f3eb9383edef8ac4968f9510e340f4808d427e75667e7b4 \
    --hash=sha256:9551187363ffc0de2a00b2e47c25aeaeb1020b69b668762966df15fc5659dd5a \
    --hash=sha256:962ccbab7b642487b1d8b7df90ef677e03134cf1fd8880bf698649b22a69371f \
    --hash=sha256:97e7cf2be5c77b7d1a9713a05605d49460d02c6078d38d8bef3cbe323c548424 \
    --hash=sha256:9aa768456404a8bf48a4406685ac2bec8e72b62c69313734fa3b73cf33b3a894 \
    --hash=sha256:9bc519fbf2b7578398853d815009ae5e4d4603d12f4e3f91da8c06852d3da3e9 \
    --hash=sha256:9d56801be94b86a9da183e5f3766e6310752b99ff647e38b09a9500d88e46e76 \
    --hash=sha256:9f444c499b3eefd3a92e348059471ea0c3a6e303d9c1cec09fa748fd9f895201 \
    --hash=sha256:9fa8ae11da9e2b3126c6426f147e0fba88d96d65921799bb30c6abd1cb2c97fb \
    --hash=sha256:a0f62d0a58f4e7da165457e995725421e0064f2255d8eccebc49f41bbc23b109 \
    --hash=sha256:a396dcc17e5a0b164dbe026896245a4fa9ff402edca1dff0be3d53a517f74de4 \
    --hash=sha256:aaa2a54443eff1950ba5ddc6b6ccda0d9c84a364276a62f969bdf2a390650848 \
    --hash=sha256:ad785e92e6dc634c21555edc8bd6b64957ab844541bcb96a1366c202951ae526 \
    --hash=sha256:af8244b2bef6aaad6d92cda81372de7f8c8d36c9f0c3ea36e827c60e7d9467a0 \
    --hash=sha256:b078afbc25f3a1436c7a1d2cd3e322497ee99615ba97c563566fdf46aff1ee01 \
    --hash=sha256:b2f69dec1725e79a012d920df1707de5caf7ed5e08f3be4435e25803efc47458 \
    --hash=sha256:b8458003118a712e66286df6a707db01c52c0f52f7db8e4a38f0da1d3b94fc4e \
    --hash=sha256:bb63e0198ca18aad131c089b9204c23079c3afa95487e561f4c522d519e55aba \
    --hash=sha256:bfec22eab3c8cc2ceec0248aec886624116dc079afa027ecc8ad4a7e62010f8a \
    --hash=sha256:c1747f85cee84c26985853c6f3d9bd3e75da5212912443fa111c113b9c246f39 \
    --hash=sha256:c1b3f518abeca3aa13c712fd202306e145abf59a18b094a6bafb2d2bbf59192c \
    --hash=sha256:c50f2528cf200c5eed56faf3f4e22fcd5f38c157a8b78576e6ba3168ec35f000 \
    --hash=sha256:c68fcd102d71ea85c5b2dfac3f4f8476eff42a9e078fd5faefff6d145063536b \
    --hash=sha256:c7a7bd4e39e8e4c12c39cd480356842b6a8a06e41b23a55a5e3e191718838ddf \
    --hash=sha256:c94f0688e7b8d0a67abf40e57a7eaaecd17cc9586706a31b76c031f63df052b4 \
    --hash=sha256:cbaf13819775b7f769bf4a1f066cb6df7a28d4480081a589828ef190226881cd \
    --hash=sha256:cd2213145bcc2ba85884d0ac63d222fece9209678f77b9b4d76f054c561adb28 \
    --hash=sha256:ce5c1d2a8b27468f433ca974829c44060b8097eedc39933e3c206a90ee49c4a9 \
    --hash=sha256:d396ec2b979760aaf3218e76c24e65bd0aca24983298653b3a9d7a45f9e47b30 \
    --hash=sha256:d51026d73fcfd93610abc7b27789c26b313920fcfb20e27462d74a7f8b06e983 \
    --hash=sha256:d80ee3d731373b24cebbc10d689ca4ee1875caf0d5703a245db18efd4dd37fc1 \
    --hash=sha256:d995260fdf4e1db774581b4900e0f832abe3c7c84996726bbc161b19c8f29e76 \
    --hash=sha256:da4b951fe36dc7c3a1ccb4e3cd1747c3542b8c9ceede8fc86cae054e764485f5 \
    --hash=sha256:daa27d92c36f24388fe3ad306b174781c747627f134452e4f128ea00ce1fe8c4 \
    --hash=sha256:db06ffe51636ffe9ca531fe9023dd64bdd794be8754cb5df57c5498ae5b518a7 \
    --hash=sha256:e0d65b8c354be7fb5f720c3caa8bc940bc2d20ce749c8e06135f07f8ed95dd7c \
    --hash=sha256:e68b7a074f65a2fd746c52a7ce6142ab7006074ac269ace0c25cd8ba171f8066 \
    --hash=sha256:e739fee756ba1010f8bcccb534252e85a35fe45ae92c295a06059ce58b74ccd3 \
    --hash=sha256:e846ae7835bf0703ae43f534ab79a867146dadd59dc9ca5c8b53d5c8f7c9ef02 \
    --hash=sha256:e9c26f834c65f5752f3f06cb08cb86a913ceb7274d0db6e267808a708b46bc89 \
    --hash=sha256:ea793e075b70290d89d8142074262885d3f7da19634845135751bd6344f73b50 \
    --hash=sha256:f027324c56cd5406ca49c124b0db10e56c69064fec039acc571c29020cc87c76 \
    --hash=sha256:f13a646d65d09fbf1bc6b3a9635d30095c8e7e5cc419ff35ecc563c5fd04cd49 \
    --hash=sha256:f47286a97f0bc9b8859519809077b91b2cefe4ae47fcbf5e466a009c1c5d742b \
    --hash=sha256:f747929cf940cddb5b3668a390056ddd5ba2e5010615ea2dcf4f9c4f3ab8791d \
    --hash=sha256:f99626688942fb746e545232e7726926f3be91b5975f8b55327665fafda991c7 \
    --hash=sha256:f9fa868638bf362d3d138ea55829cefb3d5f4b0d7f142234382a15e2485dbec4 \
    --hash=sha256:fbdb89b3e1c94a30cc5edfce477c6e6a5dc4d8f84665b455c27582f211a1c72c \
    --hash=sha256:fc010ab034c8c7452522748bf937df58020d256ccae0874463d1f4d01758af8e \
    --hash=sha256:fc3e9034a63de20e15e8ade85358bc6efc614008cab72898b4b4952bea0509ff \
    --hash=sha256:fd8b3d9fd264be37976686c7f65cd52a83f5e84f4bfd2adf9c1d469676bbb6ae
    # via pydantic
pyjwt==2.13.0 \
    --hash=sha256:41571c89ca91598c79e8ef18a2d07367d4810fbbd6f637794879baf1b7703423 \
    --hash=sha256:66adcc2aff09b3f1bbd95fc1e1577df8ac8723c978552fd43304c8a290ac5728
    # via -r requirements.txt
python-dateutil==2.9.0.post0 \
    --hash=sha256:37dd54208da7e1cd875388217d5e00ebd4179249f90fb72437e91a35459a0ad3 \
    --hash=sha256:a8b2bc7bffae282281c8140a97d3aa9c14da0b136dfe83f850eea9a5f7470427
    # via botocore
s3transfer==0.10.4 \
    --hash=sha256:244a76a24355363a68164241438de1b72f8781664920260c48465896b712a41e \
    --hash=sha256:29edc09801743c21eb5ecbc617a152df41d3c287f67b615f73e5f750583666a7
    # via boto3
six==1.17.0 \
    --hash=sha256:4721f391ed90541fddacab5acf947aa0d3dc7d27b2e1e8eda2be8970586c3274 \
    --hash=sha256:ff70335d468e7eb6ec65b95b99d3a2836546063f63acc5171de367e834932a81
    # via python-dateutil
sniffio==1.3.1 \
    --hash=sha256:2f6da418d1f1e0fddd844478f41680e794e6051915791a034ff65e5f100525a2 \
    --hash=sha256:f4324edc670a0f49750a81b895f35c3adb843cca46f0530f79fc1babb23789dc
    # via openai
tqdm==4.68.4 \
    --hash=sha256:19829c9673638f2a0b8617da4cdcb927e831cd88bcfcb6e78d42a4d1af131520 \
    --hash=sha256:5168118b2368f48c561afda8020fd79195b1bdb0bdf8086b88442c267a315dc2
    # via openai
typing-extensions==4.16.0 \
    --hash=sha256:481caa481374e813c1b176ada14e97f1f67a4539ce9cfeb3f350d78d6370c2e8 \
    --hash=sha256:dc983d19a509c94dba722ee6abd33940f7c05a89e243c47e907eb4db6f1a43e5
    # via
    #   openai
    #   pydantic
    #   pydantic-core
    #   typing-inspection
typing-inspection==0.4.2 \
    --hash=sha256:4ed1cacbdc298c220f1bd249ed5287caa16f34d44ef4e9c3d0cbad5b521545e7 \
    --hash=sha256:ba561c48a67c5958007083d386c3295464928b01faa735ab8547c5692e87f464
    # via pydantic
urllib3==2.7.0 \
    --hash=sha256:231e0ec3b63ceb14667c67be60f2f2c40a518cb38b03af60abc813da26505f4c \
    --hash=sha256:9fb4c81ebbb1ce9531cce37674bbc6f1360472bc18ca9a553ede278ef7276897
    # via botocore
